
Microsoft Visual Studio Solution File, Format Version 12.00
Project("{FAE04EC0-301F-11D3-BF4B-00C04F79EFBC}") = "CloudCodeModules", "CloudCodeModules\CloudCodeModules.csproj", "{BCACA419-6278-4D9F-B0AB-D0FC800BA1B9}"
EndProject
Global
	GlobalSection(SolutionConfigurationPlatforms) = preSolution
		Debug|Any CPU = Debug|Any CPU
		Release|Any CPU = Release|Any CPU
	EndGlobalSection
	GlobalSection(ProjectConfigurationPlatforms) = postSolution
		{BCACA419-6278-4D9F-B0AB-D0FC800BA1B9}.Debug|Any CPU.ActiveCfg = Debug|Any CPU
		{BCACA419-6278-4D9F-B0AB-D0FC800BA1B9}.Debug|Any CPU.Build.0 = Debug|Any CPU
		{BCACA419-6278-4D9F-B0AB-D0FC800BA1B9}.Release|Any CPU.ActiveCfg = Release|Any CPU
		{BCACA419-6278-4D9F-B0AB-D0FC800BA1B9}.Release|Any CPU.Build.0 = Release|Any CPU
	EndGlobalSection
EndGlobal
